
Microsoft Visual Studio Solution File, Format Version 12.00
# Visual Studio Version 17
VisualStudioVersion = 17.7.34031.279
MinimumVisualStudioVersion = 10.0.40219.1
Project("{FAE04EC0-301F-11D3-BF4B-00C04F79EFBC}") = "Practica 6 - PA", "Practica 6 - PA\Practica 6 - PA.csproj", "{CF30E332-7234-4A9A-A772-1C1832467B90}"
EndProject
Global
	GlobalSection(SolutionConfigurationPlatforms) = preSolution
		Debug|Any CPU = Debug|Any CPU
		Release|Any CPU = Release|Any CPU
	EndGlobalSection
	GlobalSection(ProjectConfigurationPlatforms) = postSolution
		{CF30E332-7234-4A9A-A772-1C1832467B90}.Debug|Any CPU.ActiveCfg = Debug|Any CPU
		{CF30E332-7234-4A9A-A772-1C1832467B90}.Debug|Any CPU.Build.0 = Debug|Any CPU
		{CF30E332-7234-4A9A-A772-1C1832467B90}.Release|Any CPU.ActiveCfg = Release|Any CPU
		{CF30E332-7234-4A9A-A772-1C1832467B90}.Release|Any CPU.Build.0 = Release|Any CPU
	EndGlobalSection
	GlobalSection(SolutionProperties) = preSolution
		HideSolutionNode = FALSE
	EndGlobalSection
	GlobalSection(ExtensibilityGlobals) = postSolution
		SolutionGuid = {1C024738-2DEE-446B-B8BD-8BF10F6E64F5}
	EndGlobalSection
EndGlobal
